
Microsoft Visual Studio Solution File, Format Version 12.00
# Visual Studio 15
VisualStudioVersion = 15.0.27130.2027
MinimumVisualStudioVersion = 10.0.40219.1
Project("{FAE04EC0-301F-11D3-BF4B-00C04F79EFBC}") = "SecretDiary", "SecretDiary\SecretDiary.csproj", "{B27F5C18-5F58-4751-822C-0F8A7F6C8376}"
EndProject
Global
	GlobalSection(SolutionConfigurationPlatforms) = preSolution
		Debug|Any CPU = Debug|Any CPU
		Release|Any CPU = Release|Any CPU
	EndGlobalSection
	GlobalSection(ProjectConfigurationPlatforms) = postSolution
		{B27F5C18-5F58-4751-822C-0F8A7F6C8376}.Debug|Any CPU.ActiveCfg = Debug|Any CPU
		{B27F5C18-5F58-4751-822C-0F8A7F6C8376}.Debug|Any CPU.Build.0 = Debug|Any CPU
		{B27F5C18-5F58-4751-822C-0F8A7F6C8376}.Release|Any CPU.ActiveCfg = Release|Any CPU
		{B27F5C18-5F58-4751-822C-0F8A7F6C8376}.Release|Any CPU.Build.0 = Release|Any CPU
	EndGlobalSection
	GlobalSection(SolutionProperties) = preSolution
		HideSolutionNode = FALSE
	EndGlobalSection
	GlobalSection(ExtensibilityGlobals) = postSolution
		SolutionGuid = {2EF08295-F3E3-43F0-868A-1C8D89B41EB8}
	EndGlobalSection
EndGlobal
